schema: '2.0'
stages:
  preprocessing:
    cmd: python src/preprocessing.py
    deps:
    - path: data/raw/creditcard.csv
      hash: md5
      md5: e90efcb83d69faf99fcab8b0255024de
      size: 150828752
    - path: src/preprocessing.py
      hash: md5
      md5: fb6fb28f9fef0c9c83668987972c437c
      size: 1452
    outs:
    - path: data/processed/cleaned.csv
      hash: md5
      md5: 6c58183b5731e64a7fdac435352ddd32
      size: 135910290
  train:
    cmd: python src/train.py
    deps:
    - path: data/processed/cleaned.csv
      hash: md5
      md5: 6c58183b5731e64a7fdac435352ddd32
      size: 135910290
    - path: src/train.py
      hash: md5
      md5: 3833381caf639624fce4833085d35fc9
      size: 2191
    outs:
    - path: metrics/metrics.json
      hash: md5
      md5: 17383ed9fc081ffbf594e8b91f5e9033
      size: 32
    - path: models/model.pkl
      hash: md5
      md5: edcee769ee44e701cb2589e282993c17
      size: 1393392
